
Microsoft Visual Studio Solution File, Format Version 12.00
# Visual Studio Version 17
VisualStudioVersion = 17.5.33516.290
MinimumVisualStudioVersion = 10.0.40219.1
Project("{888888A0-9F3D-457C-B088-3A5042F75D52}") = "GPT Api Client", "GPT Api Client\GPT Api Client.pyproj", "{651B0E0E-0B71-4FA9-A9BA-9A986C917F68}"
EndProject
Project("{9A19103F-16F7-4668-BE54-9A1E7A4F7556}") = "Middleware", "Middleware\Middleware.csproj", "{85716913-8DB5-4717-8DC6-2DCBB7F62129}"
EndProject
Project("{9A19103F-16F7-4668-BE54-9A1E7A4F7556}") = "TryMiddleware", "TryMiddleware\TryMiddleware.csproj", "{3A0153EA-CB1E-4AB3-AF5C-27BC8D9750E9}"
EndProject
Project("{9A19103F-16F7-4668-BE54-9A1E7A4F7556}") = "GPT Chat Desktop", "GPT Chat Desktop\GPT Chat Desktop.csproj", "{94679CD2-1A91-4893-B407-48AE8A5C8698}"
EndProject
Global
	GlobalSection(SolutionConfigurationPlatforms) = preSolution
		Debug|Any CPU = Debug|Any CPU
		Release|Any CPU = Release|Any CPU
	EndGlobalSection
	GlobalSection(ProjectConfigurationPlatforms) = postSolution
		{651B0E0E-0B71-4FA9-A9BA-9A986C917F68}.Debug|Any CPU.ActiveCfg = Debug|Any CPU
		{651B0E0E-0B71-4FA9-A9BA-9A986C917F68}.Release|Any CPU.ActiveCfg = Release|Any CPU
		{85716913-8DB5-4717-8DC6-2DCBB7F62129}.Debug|Any CPU.ActiveCfg = Debug|Any CPU
		{85716913-8DB5-4717-8DC6-2DCBB7F62129}.Debug|Any CPU.Build.0 = Debug|Any CPU
		{85716913-8DB5-4717-8DC6-2DCBB7F62129}.Release|Any CPU.ActiveCfg = Release|Any CPU
		{85716913-8DB5-4717-8DC6-2DCBB7F62129}.Release|Any CPU.Build.0 = Release|Any CPU
		{3A0153EA-CB1E-4AB3-AF5C-27BC8D9750E9}.Debug|Any CPU.ActiveCfg = Debug|Any CPU
		{3A0153EA-CB1E-4AB3-AF5C-27BC8D9750E9}.Debug|Any CPU.Build.0 = Debug|Any CPU
		{3A0153EA-CB1E-4AB3-AF5C-27BC8D9750E9}.Release|Any CPU.ActiveCfg = Release|Any CPU
		{3A0153EA-CB1E-4AB3-AF5C-27BC8D9750E9}.Release|Any CPU.Build.0 = Release|Any CPU
		{94679CD2-1A91-4893-B407-48AE8A5C8698}.Debug|Any CPU.ActiveCfg = Debug|Any CPU
		{94679CD2-1A91-4893-B407-48AE8A5C8698}.Debug|Any CPU.Build.0 = Debug|Any CPU
		{94679CD2-1A91-4893-B407-48AE8A5C8698}.Release|Any CPU.ActiveCfg = Release|Any CPU
		{94679CD2-1A91-4893-B407-48AE8A5C8698}.Release|Any CPU.Build.0 = Release|Any CPU
	EndGlobalSection
	GlobalSection(SolutionProperties) = preSolution
		HideSolutionNode = FALSE
	EndGlobalSection
	GlobalSection(ExtensibilityGlobals) = postSolution
		SolutionGuid = {E55A3789-A0C8-481B-988A-E9B1D9125330}
	EndGlobalSection
EndGlobal
